Microsoft Visual Studio Solution File, Format Version 11.00
# Visual Studio 2008

Project("{83155D8A-58B5-AF4F-98E1-072388422C17}") = "Fading Light", "Assembly-CSharp.csproj", "{5FE1B317-9E9E-15E0-3D03-12893136DAE3}"
EndProject
Project("{83155D8A-58B5-AF4F-98E1-072388422C17}") = "Fading Light", "Assembly-CSharp-Editor.csproj", "{AEE8D517-EC55-3BC5-5746-2D579958D077}"
<<<<<<< HEAD
EndProject
Project("{83155D8A-58B5-AF4F-98E1-072388422C17}") = "Fading Light", "Assembly-UnityScript.unityproj", "{0135B503-AE32-4A29-FEB3-8CF9FCCBF4A4}"
=======
>>>>>>> ui-development
EndProject
Global
	GlobalSection(SolutionConfigurationPlatforms) = preSolution
		Debug|Any CPU = Debug|Any CPU
		Release|Any CPU = Release|Any CPU
	EndGlobalSection
	GlobalSection(ProjectConfigurationPlatforms) = postSolution
		{5FE1B317-9E9E-15E0-3D03-12893136DAE3}.Debug|Any CPU.ActiveCfg = Debug|Any CPU
		{5FE1B317-9E9E-15E0-3D03-12893136DAE3}.Debug|Any CPU.Build.0 = Debug|Any CPU
		{5FE1B317-9E9E-15E0-3D03-12893136DAE3}.Release|Any CPU.ActiveCfg = Release|Any CPU
		{5FE1B317-9E9E-15E0-3D03-12893136DAE3}.Release|Any CPU.Build.0 = Release|Any CPU
		{AEE8D517-EC55-3BC5-5746-2D579958D077}.Debug|Any CPU.ActiveCfg = Debug|Any CPU
		{AEE8D517-EC55-3BC5-5746-2D579958D077}.Debug|Any CPU.Build.0 = Debug|Any CPU
		{AEE8D517-EC55-3BC5-5746-2D579958D077}.Release|Any CPU.ActiveCfg = Release|Any CPU
		{AEE8D517-EC55-3BC5-5746-2D579958D077}.Release|Any CPU.Build.0 = Release|Any CPU
<<<<<<< HEAD
		{0135B503-AE32-4A29-FEB3-8CF9FCCBF4A4}.Debug|Any CPU.ActiveCfg = Debug|Any CPU
		{0135B503-AE32-4A29-FEB3-8CF9FCCBF4A4}.Debug|Any CPU.Build.0 = Debug|Any CPU
		{0135B503-AE32-4A29-FEB3-8CF9FCCBF4A4}.Release|Any CPU.ActiveCfg = Release|Any CPU
		{0135B503-AE32-4A29-FEB3-8CF9FCCBF4A4}.Release|Any CPU.Build.0 = Release|Any CPU
=======
>>>>>>> ui-development
	EndGlobalSection
	GlobalSection(SolutionProperties) = preSolution
		HideSolutionNode = FALSE
	EndGlobalSection
	GlobalSection(MonoDevelopProperties) = preSolution
		StartupItem = Assembly-CSharp.csproj
	EndGlobalSection
EndGlobal
